
Microsoft Visual Studio Solution File, Format Version 12.00
# Visual Studio 15
VisualStudioVersion = 15.0.28307.329
MinimumVisualStudioVersion = 10.0.40219.1
Project("{FAE04EC0-301F-11D3-BF4B-00C04F79EFBC}") = "PrismEstudo", "PrismEstudo\PrismEstudo\PrismEstudo.csproj", "{3E39FC25-30EC-4710-AF43-908CEA92D1E9}"
EndProject
Project("{FAE04EC0-301F-11D3-BF4B-00C04F79EFBC}") = "PrismEstudo.Android", "PrismEstudo\PrismEstudo.Android\PrismEstudo.Android.csproj", "{493190BE-0A71-4A77-8789-D81157CB3430}"
EndProject
Project("{FAE04EC0-301F-11D3-BF4B-00C04F79EFBC}") = "PrismEstudo.iOS", "PrismEstudo\PrismEstudo.iOS\PrismEstudo.iOS.csproj", "{971A44BB-29AB-4D49-A01C-22DF7A2AE17C}"
EndProject
Project("{FAE04EC0-301F-11D3-BF4B-00C04F79EFBC}") = "PrismEstudo.UWP", "PrismEstudo\PrismEstudo.UWP\PrismEstudo.UWP.csproj", "{4068B41D-4999-4708-A0E5-CECEA0F9B3DE}"
EndProject
Global
	GlobalSection(SolutionConfigurationPlatforms) = preSolution
		Ad-Hoc|Any CPU = Ad-Hoc|Any CPU
		Ad-Hoc|ARM = Ad-Hoc|ARM
		Ad-Hoc|iPhone = Ad-Hoc|iPhone
		Ad-Hoc|iPhoneSimulator = Ad-Hoc|iPhoneSimulator
		Ad-Hoc|x64 = Ad-Hoc|x64
		Ad-Hoc|x86 = Ad-Hoc|x86
		AppStore|Any CPU = AppStore|Any CPU
		AppStore|ARM = AppStore|ARM
		AppStore|iPhone = AppStore|iPhone
		AppStore|iPhoneSimulator = AppStore|iPhoneSimulator
		AppStore|x64 = AppStore|x64
		AppStore|x86 = AppStore|x86
		Debug|Any CPU = Debug|Any CPU
		Debug|ARM = Debug|ARM
		Debug|iPhone = Debug|iPhone
		Debug|iPhoneSimulator = Debug|iPhoneSimulator
		Debug|x64 = Debug|x64
		Debug|x86 = Debug|x86
		Release|Any CPU = Release|Any CPU
		Release|ARM = Release|ARM
		Release|iPhone = Release|iPhone
		Release|iPhoneSimulator = Release|iPhoneSimulator
		Release|x64 = Release|x64
		Release|x86 = Release|x86
	EndGlobalSection
	GlobalSection(ProjectConfigurationPlatforms) = postSolution
		{3E39FC25-30EC-4710-AF43-908CEA92D1E9}.Ad-Hoc|Any CPU.ActiveCfg = Debug|Any CPU
		{3E39FC25-30EC-4710-AF43-908CEA92D1E9}.Ad-Hoc|Any CPU.Build.0 = Debug|Any CPU
		{3E39FC25-30EC-4710-AF43-908CEA92D1E9}.Ad-Hoc|ARM.ActiveCfg = Debug|Any CPU
		{3E39FC25-30EC-4710-AF43-908CEA92D1E9}.Ad-Hoc|ARM.Build.0 = Debug|Any CPU
		{3E39FC25-30EC-4710-AF43-908CEA92D1E9}.Ad-Hoc|iPhone.ActiveCfg = Debug|Any CPU
		{3E39FC25-30EC-4710-AF43-908CEA92D1E9}.Ad-Hoc|iPhone.Build.0 = Debug|Any CPU
		{3E39FC25-30EC-4710-AF43-908CEA92D1E9}.Ad-Hoc|iPhoneSimulator.ActiveCfg = Debug|Any CPU
		{3E39FC25-30EC-4710-AF43-908CEA92D1E9}.Ad-Hoc|iPhoneSimulator.Build.0 = Debug|Any CPU
		{3E39FC25-30EC-4710-AF43-908CEA92D1E9}.Ad-Hoc|x64.ActiveCfg = Debug|Any CPU
		{3E39FC25-30EC-4710-AF43-908CEA92D1E9}.Ad-Hoc|x64.Build.0 = Debug|Any CPU
		{3E39FC25-30EC-4710-AF43-908CEA92D1E9}.Ad-Hoc|x86.ActiveCfg = Debug|Any CPU
		{3E39FC25-30EC-4710-AF43-908CEA92D1E9}.Ad-Hoc|x86.Build.0 = Debug|Any CPU
		{3E39FC25-30EC-4710-AF43-908CEA92D1E9}.AppStore|Any CPU.ActiveCfg = Debug|Any CPU
		{3E39FC25-30EC-4710-AF43-908CEA92D1E9}.AppStore|Any CPU.Build.0 = Debug|Any CPU
		{3E39FC25-30EC-4710-AF43-908CEA92D1E9}.AppStore|ARM.ActiveCfg = Debug|Any CPU
		{3E39FC25-30EC-4710-AF43-908CEA92D1E9}.AppStore|ARM.Build.0 = Debug|Any CPU
		{3E39FC25-30EC-4710-AF43-908CEA92D1E9}.AppStore|iPhone.ActiveCfg = Debug|Any CPU
		{3E39FC25-30EC-4710-AF43-908CEA92D1E9}.AppStore|iPhone.Build.0 = Debug|Any CPU
		{3E39FC25-30EC-4710-AF43-908CEA92D1E9}.AppStore|iPhoneSimulator.ActiveCfg = Debug|Any CPU
		{3E39FC25-30EC-4710-AF43-908CEA92D1E9}.AppStore|iPhoneSimulator.Build.0 = Debug|Any CPU
		{3E39FC25-30EC-4710-AF43-908CEA92D1E9}.AppStore|x64.ActiveCfg = Debug|Any CPU
		{3E39FC25-30EC-4710-AF43-908CEA92D1E9}.AppStore|x64.Build.0 = Debug|Any CPU
		{3E39FC25-30EC-4710-AF43-908CEA92D1E9}.AppStore|x86.ActiveCfg = Debug|Any CPU
		{3E39FC25-30EC-4710-AF43-908CEA92D1E9}.AppStore|x86.Build.0 = Debug|Any CPU
		{3E39FC25-30EC-4710-AF43-908CEA92D1E9}.Debug|Any CPU.ActiveCfg = Debug|Any CPU
		{3E39FC25-30EC-4710-AF43-908CEA92D1E9}.Debug|Any CPU.Build.0 = Debug|Any CPU
		{3E39FC25-30EC-4710-AF43-908CEA92D1E9}.Debug|ARM.ActiveCfg = Debug|Any CPU
		{3E39FC25-30EC-4710-AF43-908CEA92D1E9}.Debug|ARM.Build.0 = Debug|Any CPU
		{3E39FC25-30EC-4710-AF43-908CEA92D1E9}.Debug|iPhone.ActiveCfg = Debug|Any CPU
		{3E39FC25-30EC-4710-AF43-908CEA92D1E9}.Debug|iPhone.Build.0 = Debug|Any CPU
		{3E39FC25-30EC-4710-AF43-908CEA92D1E9}.Debug|iPhoneSimulator.ActiveCfg = Debug|Any CPU
		{3E39FC25-30EC-4710-AF43-908CEA92D1E9}.Debug|iPhoneSimulator.Build.0 = Debug|Any CPU
		{3E39FC25-30EC-4710-AF43-908CEA92D1E9}.Debug|x64.ActiveCfg = Debug|Any CPU
		{3E39FC25-30EC-4710-AF43-908CEA92D1E9}.Debug|x64.Build.0 = Debug|Any CPU
		{3E39FC25-30EC-4710-AF43-908CEA92D1E9}.Debug|x86.ActiveCfg = Debug|Any CPU
		{3E39FC25-30EC-4710-AF43-908CEA92D1E9}.Debug|x86.Build.0 = Debug|Any CPU
		{3E39FC25-30EC-4710-AF43-908CEA92D1E9}.Release|Any CPU.ActiveCfg = Release|Any CPU
		{3E39FC25-30EC-4710-AF43-908CEA92D1E9}.Release|Any CPU.Build.0 = Release|Any CPU
		{3E39FC25-30EC-4710-AF43-908CEA92D1E9}.Release|ARM.ActiveCfg = Release|Any CPU
		{3E39FC25-30EC-4710-AF43-908CEA92D1E9}.Release|ARM.Build.0 = Release|Any CPU
		{3E39FC25-30EC-4710-AF43-908CEA92D1E9}.Release|iPhone.ActiveCfg = Release|Any CPU
		{3E39FC25-30EC-4710-AF43-908CEA92D1E9}.Release|iPhone.Build.0 = Release|Any CPU
		{3E39FC25-30EC-4710-AF43-908CEA92D1E9}.Release|iPhoneSimulator.ActiveCfg = Release|Any CPU
		{3E39FC25-30EC-4710-AF43-908CEA92D1E9}.Release|iPhoneSimulator.Build.0 = Release|Any CPU
		{3E39FC25-30EC-4710-AF43-908CEA92D1E9}.Release|x64.ActiveCfg = Release|Any CPU
		{3E39FC25-30EC-4710-AF43-908CEA92D1E9}.Release|x64.Build.0 = Release|Any CPU
		{3E39FC25-30EC-4710-AF43-908CEA92D1E9}.Release|x86.ActiveCfg = Release|Any CPU
		{3E39FC25-30EC-4710-AF43-908CEA92D1E9}.Release|x86.Build.0 = Release|Any CPU
		{493190BE-0A71-4A77-8789-D81157CB3430}.Ad-Hoc|Any CPU.ActiveCfg = Release|Any CPU
		{493190BE-0A71-4A77-8789-D81157CB3430}.Ad-Hoc|Any CPU.Build.0 = Release|Any CPU
		{493190BE-0A71-4A77-8789-D81157CB3430}.Ad-Hoc|Any CPU.Deploy.0 = Release|Any CPU
		{493190BE-0A71-4A77-8789-D81157CB3430}.Ad-Hoc|ARM.ActiveCfg = Release|Any CPU
		{493190BE-0A71-4A77-8789-D81157CB3430}.Ad-Hoc|ARM.Build.0 = Release|Any CPU
		{493190BE-0A71-4A77-8789-D81157CB3430}.Ad-Hoc|ARM.Deploy.0 = Release|Any CPU
		{493190BE-0A71-4A77-8789-D81157CB3430}.Ad-Hoc|iPhone.ActiveCfg = Release|Any CPU
		{493190BE-0A71-4A77-8789-D81157CB3430}.Ad-Hoc|iPhone.Build.0 = Release|Any CPU
		{493190BE-0A71-4A77-8789-D81157CB3430}.Ad-Hoc|iPhone.Deploy.0 = Release|Any CPU
		{493190BE-0A71-4A77-8789-D81157CB3430}.Ad-Hoc|iPhoneSimulator.ActiveCfg = Release|Any CPU
		{493190BE-0A71-4A77-8789-D81157CB3430}.Ad-Hoc|iPhoneSimulator.Build.0 = Release|Any CPU
		{493190BE-0A71-4A77-8789-D81157CB3430}.Ad-Hoc|iPhoneSimulator.Deploy.0 = Release|Any CPU
		{493190BE-0A71-4A77-8789-D81157CB3430}.Ad-Hoc|x64.ActiveCfg = Release|Any CPU
		{493190BE-0A71-4A77-8789-D81157CB3430}.Ad-Hoc|x64.Build.0 = Release|Any CPU
		{493190BE-0A71-4A77-8789-D81157CB3430}.Ad-Hoc|x64.Deploy.0 = Release|Any CPU
		{493190BE-0A71-4A77-8789-D81157CB3430}.Ad-Hoc|x86.ActiveCfg = Release|Any CPU
		{493190BE-0A71-4A77-8789-D81157CB3430}.Ad-Hoc|x86.Build.0 = Release|Any CPU
		{493190BE-0A71-4A77-8789-D81157CB3430}.Ad-Hoc|x86.Deploy.0 = Release|Any CPU
		{493190BE-0A71-4A77-8789-D81157CB3430}.AppStore|Any CPU.ActiveCfg = Release|Any CPU
		{493190BE-0A71-4A77-8789-D81157CB3430}.AppStore|Any CPU.Build.0 = Release|Any CPU
		{493190BE-0A71-4A77-8789-D81157CB3430}.AppStore|Any CPU.Deploy.0 = Release|Any CPU
		{493190BE-0A71-4A77-8789-D81157CB3430}.AppStore|ARM.ActiveCfg = Release|Any CPU
		{493190BE-0A71-4A77-8789-D81157CB3430}.AppStore|ARM.Build.0 = Release|Any CPU
		{493190BE-0A71-4A77-8789-D81157CB3430}.AppStore|ARM.Deploy.0 = Release|Any CPU
		{493190BE-0A71-4A77-8789-D81157CB3430}.AppStore|iPhone.ActiveCfg = Release|Any CPU
		{493190BE-0A71-4A77-8789-D81157CB3430}.AppStore|iPhone.Build.0 = Release|Any CPU
		{493190BE-0A71-4A77-8789-D81157CB3430}.AppStore|iPhone.Deploy.0 = Release|Any CPU
		{493190BE-0A71-4A77-8789-D81157CB3430}.AppStore|iPhoneSimulator.ActiveCfg = Release|Any CPU
		{493190BE-0A71-4A77-8789-D81157CB3430}.AppStore|iPhoneSimulator.Build.0 = Release|Any CPU
		{493190BE-0A71-4A77-8789-D81157CB3430}.AppStore|iPhoneSimulator.Deploy.0 = Release|Any CPU
		{493190BE-0A71-4A77-8789-D81157CB3430}.AppStore|x64.ActiveCfg = Release|Any CPU
		{493190BE-0A71-4A77-8789-D81157CB3430}.AppStore|x64.Build.0 = Release|Any CPU
		{493190BE-0A71-4A77-8789-D81157CB3430}.AppStore|x64.Deploy.0 = Release|Any CPU
		{493190BE-0A71-4A77-8789-D81157CB3430}.AppStore|x86.ActiveCfg = Release|Any CPU
		{493190BE-0A71-4A77-8789-D81157CB3430}.AppStore|x86.Build.0 = Release|Any CPU
		{493190BE-0A71-4A77-8789-D81157CB3430}.AppStore|x86.Deploy.0 = Release|Any CPU
		{493190BE-0A71-4A77-8789-D81157CB3430}.Debug|Any CPU.ActiveCfg = Debug|Any CPU
		{493190BE-0A71-4A77-8789-D81157CB3430}.Debug|Any CPU.Build.0 = Debug|Any CPU
		{493190BE-0A71-4A77-8789-D81157CB3430}.Debug|Any CPU.Deploy.0 = Debug|Any CPU
		{493190BE-0A71-4A77-8789-D81157CB3430}.Debug|ARM.ActiveCfg = Debug|Any CPU
		{493190BE-0A71-4A77-8789-D81157CB3430}.Debug|ARM.Build.0 = Debug|Any CPU
		{493190BE-0A71-4A77-8789-D81157CB3430}.Debug|ARM.Deploy.0 = Debug|Any CPU
		{493190BE-0A71-4A77-8789-D81157CB3430}.Debug|iPhone.ActiveCfg = Debug|Any CPU
		{493190BE-0A71-4A77-8789-D81157CB3430}.Debug|iPhone.Build.0 = Debug|Any CPU
		{493190BE-0A71-4A77-8789-D81157CB3430}.Debug|iPhone.Deploy.0 = Debug|Any CPU
		{493190BE-0A71-4A77-8789-D81157CB3430}.Debug|iPhoneSimulator.ActiveCfg = Debug|Any CPU
		{493190BE-0A71-4A77-8789-D81157CB3430}.Debug|iPhoneSimulator.Build.0 = Debug|Any CPU
		{493190BE-0A71-4A77-8789-D81157CB3430}.Debug|iPhoneSimulator.Deploy.0 = Debug|Any CPU
		{493190BE-0A71-4A77-8789-D81157CB3430}.Debug|x64.ActiveCfg = Debug|Any CPU
		{493190BE-0A71-4A77-8789-D81157CB3430}.Debug|x64.Build.0 = Debug|Any CPU
		{493190BE-0A71-4A77-8789-D81157CB3430}.Debug|x64.Deploy.0 = Debug|Any CPU
		{493190BE-0A71-4A77-8789-D81157CB3430}.Debug|x86.ActiveCfg = Debug|Any CPU
		{493190BE-0A71-4A77-8789-D81157CB3430}.Debug|x86.Build.0 = Debug|Any CPU
		{493190BE-0A71-4A77-8789-D81157CB3430}.Debug|x86.Deploy.0 = Debug|Any CPU
		{493190BE-0A71-4A77-8789-D81157CB3430}.Release|Any CPU.ActiveCfg = Release|Any CPU
		{493190BE-0A71-4A77-8789-D81157CB3430}.Release|Any CPU.Build.0 = Release|Any CPU
		{493190BE-0A71-4A77-8789-D81157CB3430}.Release|Any CPU.Deploy.0 = Release|Any CPU
		{493190BE-0A71-4A77-8789-D81157CB3430}.Release|ARM.ActiveCfg = Release|Any CPU
		{493190BE-0A71-4A77-8789-D81157CB3430}.Release|ARM.Build.0 = Release|Any CPU
		{493190BE-0A71-4A77-8789-D81157CB3430}.Release|ARM.Deploy.0 = Release|Any CPU
		{493190BE-0A71-4A77-8789-D81157CB3430}.Release|iPhone.ActiveCfg = Release|Any CPU
		{493190BE-0A71-4A77-8789-D81157CB3430}.Release|iPhone.Build.0 = Release|Any CPU
		{493190BE-0A71-4A77-8789-D81157CB3430}.Release|iPhone.Deploy.0 = Release|Any CPU
		{493190BE-0A71-4A77-8789-D81157CB3430}.Release|iPhoneSimulator.ActiveCfg = Release|Any CPU
		{493190BE-0A71-4A77-8789-D81157CB3430}.Release|iPhoneSimulator.Build.0 = Release|Any CPU
		{493190BE-0A71-4A77-8789-D81157CB3430}.Release|iPhoneSimulator.Deploy.0 = Release|Any CPU
		{493190BE-0A71-4A77-8789-D81157CB3430}.Release|x64.ActiveCfg = Release|Any CPU
		{493190BE-0A71-4A77-8789-D81157CB3430}.Release|x64.Build.0 = Release|Any CPU
		{493190BE-0A71-4A77-8789-D81157CB3430}.Release|x64.Deploy.0 = Release|Any CPU
		{493190BE-0A71-4A77-8789-D81157CB3430}.Release|x86.ActiveCfg = Release|Any CPU
		{493190BE-0A71-4A77-8789-D81157CB3430}.Release|x86.Build.0 = Release|Any CPU
		{493190BE-0A71-4A77-8789-D81157CB3430}.Release|x86.Deploy.0 = Release|Any CPU
		{971A44BB-29AB-4D49-A01C-22DF7A2AE17C}.Ad-Hoc|Any CPU.ActiveCfg = Ad-Hoc|iPhone
		{971A44BB-29AB-4D49-A01C-22DF7A2AE17C}.Ad-Hoc|ARM.ActiveCfg = Ad-Hoc|iPhone
		{971A44BB-29AB-4D49-A01C-22DF7A2AE17C}.Ad-Hoc|iPhone.ActiveCfg = Ad-Hoc|iPhone
		{971A44BB-29AB-4D49-A01C-22DF7A2AE17C}.Ad-Hoc|iPhone.Build.0 = Ad-Hoc|iPhone
		{971A44BB-29AB-4D49-A01C-22DF7A2AE17C}.Ad-Hoc|iPhoneSimulator.ActiveCfg = Ad-Hoc|iPhoneSimulator
		{971A44BB-29AB-4D49-A01C-22DF7A2AE17C}.Ad-Hoc|iPhoneSimulator.Build.0 = Ad-Hoc|iPhoneSimulator
		{971A44BB-29AB-4D49-A01C-22DF7A2AE17C}.Ad-Hoc|x64.ActiveCfg = Ad-Hoc|iPhone
		{971A44BB-29AB-4D49-A01C-22DF7A2AE17C}.Ad-Hoc|x86.ActiveCfg = Ad-Hoc|iPhone
		{971A44BB-29AB-4D49-A01C-22DF7A2AE17C}.AppStore|Any CPU.ActiveCfg = AppStore|iPhone
		{971A44BB-29AB-4D49-A01C-22DF7A2AE17C}.AppStore|ARM.ActiveCfg = AppStore|iPhone
		{971A44BB-29AB-4D49-A01C-22DF7A2AE17C}.AppStore|iPhone.ActiveCfg = AppStore|iPhone
		{971A44BB-29AB-4D49-A01C-22DF7A2AE17C}.AppStore|iPhone.Build.0 = AppStore|iPhone
		{971A44BB-29AB-4D49-A01C-22DF7A2AE17C}.AppStore|iPhoneSimulator.ActiveCfg = AppStore|iPhoneSimulator
		{971A44BB-29AB-4D49-A01C-22DF7A2AE17C}.AppStore|iPhoneSimulator.Build.0 = AppStore|iPhoneSimulator
		{971A44BB-29AB-4D49-A01C-22DF7A2AE17C}.AppStore|x64.ActiveCfg = AppStore|iPhone
		{971A44BB-29AB-4D49-A01C-22DF7A2AE17C}.AppStore|x86.ActiveCfg = AppStore|iPhone
		{971A44BB-29AB-4D49-A01C-22DF7A2AE17C}.Debug|Any CPU.ActiveCfg = Debug|iPhone
		{971A44BB-29AB-4D49-A01C-22DF7A2AE17C}.Debug|ARM.ActiveCfg = Debug|iPhone
		{971A44BB-29AB-4D49-A01C-22DF7A2AE17C}.Debug|iPhone.ActiveCfg = Debug|iPhone
		{971A44BB-29AB-4D49-A01C-22DF7A2AE17C}.Debug|iPhone.Build.0 = Debug|iPhone
		{971A44BB-29AB-4D49-A01C-22DF7A2AE17C}.Debug|iPhoneSimulator.ActiveCfg = Debug|iPhoneSimulator
		{971A44BB-29AB-4D49-A01C-22DF7A2AE17C}.Debug|iPhoneSimulator.Build.0 = Debug|iPhoneSimulator
		{971A44BB-29AB-4D49-A01C-22DF7A2AE17C}.Debug|x64.ActiveCfg = Debug|iPhone
		{971A44BB-29AB-4D49-A01C-22DF7A2AE17C}.Debug|x86.ActiveCfg = Debug|iPhone
		{971A44BB-29AB-4D49-A01C-22DF7A2AE17C}.Release|Any CPU.ActiveCfg = Release|iPhone
		{971A44BB-29AB-4D49-A01C-22DF7A2AE17C}.Release|ARM.ActiveCfg = Release|iPhone
		{971A44BB-29AB-4D49-A01C-22DF7A2AE17C}.Release|iPhone.ActiveCfg = Release|iPhone
		{971A44BB-29AB-4D49-A01C-22DF7A2AE17C}.Release|iPhone.Build.0 = Release|iPhone
		{971A44BB-29AB-4D49-A01C-22DF7A2AE17C}.Release|iPhoneSimulator.ActiveCfg = Release|iPhoneSimulator
		{971A44BB-29AB-4D49-A01C-22DF7A2AE17C}.Release|iPhoneSimulator.Build.0 = Release|iPhoneSimulator
		{971A44BB-29AB-4D49-A01C-22DF7A2AE17C}.Release|x64.ActiveCfg = Release|iPhone
		{971A44BB-29AB-4D49-A01C-22DF7A2AE17C}.Release|x86.ActiveCfg = Release|iPhone
		{4068B41D-4999-4708-A0E5-CECEA0F9B3DE}.Ad-Hoc|Any CPU.ActiveCfg = Release|x86
		{4068B41D-4999-4708-A0E5-CECEA0F9B3DE}.Ad-Hoc|Any CPU.Build.0 = Release|x86
		{4068B41D-4999-4708-A0E5-CECEA0F9B3DE}.Ad-Hoc|Any CPU.Deploy.0 = Release|x86
		{4068B41D-4999-4708-A0E5-CECEA0F9B3DE}.Ad-Hoc|ARM.ActiveCfg = Release|ARM
		{4068B41D-4999-4708-A0E5-CECEA0F9B3DE}.Ad-Hoc|ARM.Build.0 = Release|ARM
		{4068B41D-4999-4708-A0E5-CECEA0F9B3DE}.Ad-Hoc|ARM.Deploy.0 = Release|ARM
		{4068B41D-4999-4708-A0E5-CECEA0F9B3DE}.Ad-Hoc|iPhone.ActiveCfg = Release|x86
		{4068B41D-4999-4708-A0E5-CECEA0F9B3DE}.Ad-Hoc|iPhone.Build.0 = Release|x86
		{4068B41D-4999-4708-A0E5-CECEA0F9B3DE}.Ad-Hoc|iPhone.Deploy.0 = Release|x86
		{4068B41D-4999-4708-A0E5-CECEA0F9B3DE}.Ad-Hoc|iPhoneSimulator.ActiveCfg = Release|x86
		{4068B41D-4999-4708-A0E5-CECEA0F9B3DE}.Ad-Hoc|iPhoneSimulator.Build.0 = Release|x86
		{4068B41D-4999-4708-A0E5-CECEA0F9B3DE}.Ad-Hoc|iPhoneSimulator.Deploy.0 = Release|x86
		{4068B41D-4999-4708-A0E5-CECEA0F9B3DE}.Ad-Hoc|x64.ActiveCfg = Release|x64
		{4068B41D-4999-4708-A0E5-CECEA0F9B3DE}.Ad-Hoc|x64.Build.0 = Release|x64
		{4068B41D-4999-4708-A0E5-CECEA0F9B3DE}.Ad-Hoc|x64.Deploy.0 = Release|x64
		{4068B41D-4999-4708-A0E5-CECEA0F9B3DE}.Ad-Hoc|x86.ActiveCfg = Release|x86
		{4068B41D-4999-4708-A0E5-CECEA0F9B3DE}.Ad-Hoc|x86.Build.0 = Release|x86
		{4068B41D-4999-4708-A0E5-CECEA0F9B3DE}.Ad-Hoc|x86.Deploy.0 = Release|x86
		{4068B41D-4999-4708-A0E5-CECEA0F9B3DE}.AppStore|Any CPU.ActiveCfg = Release|x86
		{4068B41D-4999-4708-A0E5-CECEA0F9B3DE}.AppStore|Any CPU.Build.0 = Release|x86
		{4068B41D-4999-4708-A0E5-CECEA0F9B3DE}.AppStore|Any CPU.Deploy.0 = Release|x86
		{4068B41D-4999-4708-A0E5-CECEA0F9B3DE}.AppStore|ARM.ActiveCfg = Release|ARM
		{4068B41D-4999-4708-A0E5-CECEA0F9B3DE}.AppStore|ARM.Build.0 = Release|ARM
		{4068B41D-4999-4708-A0E5-CECEA0F9B3DE}.AppStore|ARM.Deploy.0 = Release|ARM
		{4068B41D-4999-4708-A0E5-CECEA0F9B3DE}.AppStore|iPhone.ActiveCfg = Release|x86
		{4068B41D-4999-4708-A0E5-CECEA0F9B3DE}.AppStore|iPhone.Build.0 = Release|x86
		{4068B41D-4999-4708-A0E5-CECEA0F9B3DE}.AppStore|iPhone.Deploy.0 = Release|x86
		{4068B41D-4999-4708-A0E5-CECEA0F9B3DE}.AppStore|iPhoneSimulator.ActiveCfg = Release|x86
		{4068B41D-4999-4708-A0E5-CECEA0F9B3DE}.AppStore|iPhoneSimulator.Build.0 = Release|x86
		{4068B41D-4999-4708-A0E5-CECEA0F9B3DE}.AppStore|iPhoneSimulator.Deploy.0 = Release|x86
		{4068B41D-4999-4708-A0E5-CECEA0F9B3DE}.AppStore|x64.ActiveCfg = Release|x64
		{4068B41D-4999-4708-A0E5-CECEA0F9B3DE}.AppStore|x64.Build.0 = Release|x64
		{4068B41D-4999-4708-A0E5-CECEA0F9B3DE}.AppStore|x64.Deploy.0 = Release|x64
		{4068B41D-4999-4708-A0E5-CECEA0F9B3DE}.AppStore|x86.ActiveCfg = Release|x86
		{4068B41D-4999-4708-A0E5-CECEA0F9B3DE}.AppStore|x86.Build.0 = Release|x86
		{4068B41D-4999-4708-A0E5-CECEA0F9B3DE}.AppStore|x86.Deploy.0 = Release|x86
		{4068B41D-4999-4708-A0E5-CECEA0F9B3DE}.Debug|Any CPU.ActiveCfg = Debug|x86
		{4068B41D-4999-4708-A0E5-CECEA0F9B3DE}.Debug|ARM.ActiveCfg = Debug|ARM
		{4068B41D-4999-4708-A0E5-CECEA0F9B3DE}.Debug|ARM.Build.0 = Debug|ARM
		{4068B41D-4999-4708-A0E5-CECEA0F9B3DE}.Debug|ARM.Deploy.0 = Debug|ARM
		{4068B41D-4999-4708-A0E5-CECEA0F9B3DE}.Debug|iPhone.ActiveCfg = Debug|x86
		{4068B41D-4999-4708-A0E5-CECEA0F9B3DE}.Debug|iPhoneSimulator.ActiveCfg = Debug|x86
		{4068B41D-4999-4708-A0E5-CECEA0F9B3DE}.Debug|x64.ActiveCfg = Debug|x64
		{4068B41D-4999-4708-A0E5-CECEA0F9B3DE}.Debug|x64.Build.0 = Debug|x64
		{4068B41D-4999-4708-A0E5-CECEA0F9B3DE}.Debug|x64.Deploy.0 = Debug|x64
		{4068B41D-4999-4708-A0E5-CECEA0F9B3DE}.Debug|x86.ActiveCfg = Debug|x86
		{4068B41D-4999-4708-A0E5-CECEA0F9B3DE}.Debug|x86.Build.0 = Debug|x86
		{4068B41D-4999-4708-A0E5-CECEA0F9B3DE}.Debug|x86.Deploy.0 = Debug|x86
		{4068B41D-4999-4708-A0E5-CECEA0F9B3DE}.Release|Any CPU.ActiveCfg = Release|x86
		{4068B41D-4999-4708-A0E5-CECEA0F9B3DE}.Release|ARM.ActiveCfg = Release|ARM
		{4068B41D-4999-4708-A0E5-CECEA0F9B3DE}.Release|ARM.Build.0 = Release|ARM
		{4068B41D-4999-4708-A0E5-CECEA0F9B3DE}.Release|ARM.Deploy.0 = Release|ARM
		{4068B41D-4999-4708-A0E5-CECEA0F9B3DE}.Release|iPhone.ActiveCfg = Release|x86
		{4068B41D-4999-4708-A0E5-CECEA0F9B3DE}.Release|iPhoneSimulator.ActiveCfg = Release|x86
		{4068B41D-4999-4708-A0E5-CECEA0F9B3DE}.Release|x64.ActiveCfg = Release|x64
		{4068B41D-4999-4708-A0E5-CECEA0F9B3DE}.Release|x64.Build.0 = Release|x64
		{4068B41D-4999-4708-A0E5-CECEA0F9B3DE}.Release|x64.Deploy.0 = Release|x64
		{4068B41D-4999-4708-A0E5-CECEA0F9B3DE}.Release|x86.ActiveCfg = Release|x86
		{4068B41D-4999-4708-A0E5-CECEA0F9B3DE}.Release|x86.Build.0 = Release|x86
		{4068B41D-4999-4708-A0E5-CECEA0F9B3DE}.Release|x86.Deploy.0 = Release|x86
	EndGlobalSection
	GlobalSection(SolutionProperties) = preSolution
		HideSolutionNode = FALSE
	EndGlobalSection
	GlobalSection(ExtensibilityGlobals) = postSolution
		SolutionGuid = {3AE5808C-7320-4412-A77E-D965D1CC838B}
	EndGlobalSection
EndGlobal
